// !$*UTF8*$!
{
	archiveVersion = 1;
	classes = {
	};
	objectVersion = 46;
	objects = {

/* Begin PBXBuildFile section */
		377BA9151DDE1D6300CD2586 /* YellowButton.png in Resources */ = {isa = PBXBuildFile; fileRef = 377BA9141DDE1D6300CD2586 /* YellowButton.png */; };
		377BA9191DDE1D7000CD2586 /* BlackButton.png in Resources */ = {isa = PBXBuildFile; fileRef = 377BA9161DDE1D7000CD2586 /* BlackButton.png */; };
		377BA91A1DDE1D7000CD2586 /* BlueButton.png in Resources */ = {isa = PBXBuildFile; fileRef = 377BA9171DDE1D7000CD2586 /* BlueButton.png */; };
		377BA91B1DDE1D7000CD2586 /* RubyButton.png in Resources */ = {isa = PBXBuildFile; fileRef = 377BA9181DDE1D7000CD2586 /* RubyButton.png */; };
		377BA9251DDE3CEA00CD2586 /* emptyCheckbox.png in Resources */ = {isa = PBXBuildFile; fileRef = 377BA9241DDE3CEA00CD2586 /* emptyCheckbox.png */; };
		377BA9271DDE42FF00CD2586 /* checkedBox.png in Resources */ = {isa = PBXBuildFile; fileRef = 377BA9261DDE42FF00CD2586 /* checkedBox.png */; };
		37878F6A1DDF635A000437F9 /* TestFileViewController.swift in Sources */ = {isa = PBXBuildFile; fileRef = 37878F691DDF635A000437F9 /* TestFileViewController.swift */; };
		3799B1161DDA4E6100C332ED /* AppDelegate.swift in Sources */ = {isa = PBXBuildFile; fileRef = 3799B1151DDA4E6100C332ED /* AppDelegate.swift */; };
		3799B11B1DDA4E6100C332ED /* Main.storyboard in Resources */ = {isa = PBXBuildFile; fileRef = 3799B1191DDA4E6100C332ED /* Main.storyboard */; };
		3799B11D1DDA4E6100C332ED /* Assets.xcassets in Resources */ = {isa = PBXBuildFile; fileRef = 3799B11C1DDA4E6100C332ED /* Assets.xcassets */; };
		3799B1201DDA4E6100C332ED /* LaunchScreen.storyboard in Resources */ = {isa = PBXBuildFile; fileRef = 3799B11E1DDA4E6100C332ED /* LaunchScreen.storyboard */; };
		3799B1281DDA5F7100C332ED /* SelectedToDoListViewController.swift in Sources */ = {isa = PBXBuildFile; fileRef = 3799B1271DDA5F7100C332ED /* SelectedToDoListViewController.swift */; };
		3799B12C1DDA600000C332ED /* AllToDoListsTableViewCell.swift in Sources */ = {isa = PBXBuildFile; fileRef = 3799B12B1DDA600000C332ED /* AllToDoListsTableViewCell.swift */; };
		3799B12E1DDA601700C332ED /* SelectedToDoListTableViewCell.swift in Sources */ = {isa = PBXBuildFile; fileRef = 3799B12D1DDA601700C332ED /* SelectedToDoListTableViewCell.swift */; };
		3799B1301DDA609C00C332ED /* AllToDoListsViewController.swift in Sources */ = {isa = PBXBuildFile; fileRef = 3799B12F1DDA609C00C332ED /* AllToDoListsViewController.swift */; };
		3799B1321DDA61A800C332ED /* ArrayOfToDoLists.swift in Sources */ = {isa = PBXBuildFile; fileRef = 3799B1311DDA61A800C332ED /* ArrayOfToDoLists.swift */; };
		3799B1351DDCD24A00C332ED /* DetailViewController.swift in Sources */ = {isa = PBXBuildFile; fileRef = 3799B1341DDCD24A00C332ED /* DetailViewController.swift */; };
		37D564861E27E4380053683F /* CoreData.framework in Frameworks */ = {isa = PBXBuildFile; fileRef = 37D564851E27E4380053683F /* CoreData.framework */; };
		37D564891E27E4A90053683F /* CoreDataModel.xcdatamodeld in Sources */ = {isa = PBXBuildFile; fileRef = 37D564871E27E4A90053683F /* CoreDataModel.xcdatamodeld */; };
		37D5648B1E27EFC00053683F /* CoreDataLogic.swift in Sources */ = {isa = PBXBuildFile; fileRef = 37D5648A1E27EFC00053683F /* CoreDataLogic.swift */; };
/* End PBXBuildFile section */

/* Begin PBXFileReference section */
		377BA9141DDE1D6300CD2586 /* YellowButton.png */ = {isa = PBXFileReference; lastKnownFileType = image.png; path = YellowButton.png; sourceTree = "<group>"; };
		377BA9161DDE1D7000CD2586 /* BlackButton.png */ = {isa = PBXFileReference; lastKnownFileType = image.png; path = BlackButton.png; sourceTree = "<group>"; };
		377BA9171DDE1D7000CD2586 /* BlueButton.png */ = {isa = PBXFileReference; lastKnownFileType = image.png; path = BlueButton.png; sourceTree = "<group>"; };
		377BA9181DDE1D7000CD2586 /* RubyButton.png */ = {isa = PBXFileReference; lastKnownFileType = image.png; path = RubyButton.png; sourceTree = "<group>"; };
		377BA9241DDE3CEA00CD2586 /* emptyCheckbox.png */ = {isa = PBXFileReference; lastKnownFileType = image.png; path = emptyCheckbox.png; sourceTree = "<group>"; };
		377BA9261DDE42FF00CD2586 /* checkedBox.png */ = {isa = PBXFileReference; lastKnownFileType = image.png; path = checkedBox.png; sourceTree = "<group>"; };
		37878F691DDF635A000437F9 /* TestFileViewController.swift */ = {isa = PBXFileReference; fileEncoding = 4; lastKnownFileType = sourcecode.swift; path = TestFileViewController.swift; sourceTree = "<group>"; };
		3799B1121DDA4E6100C332ED /* w4d1 - ToDoList - DanHefter.app */ = {isa = PBXFileReference; explicitFileType = wrapper.application; includeInIndex = 0; path = "w4d1 - ToDoList - DanHefter.app"; sourceTree = BUILT_PRODUCTS_DIR; };
		3799B1151DDA4E6100C332ED /* AppDelegate.swift */ = {isa = PBXFileReference; lastKnownFileType = sourcecode.swift; path = AppDelegate.swift; sourceTree = "<group>"; };
		3799B11A1DDA4E6100C332ED /* Base */ = {isa = PBXFileReference; lastKnownFileType = file.storyboard; name = Base; path = Base.lproj/Main.storyboard; sourceTree = "<group>"; };
		3799B11C1DDA4E6100C332ED /* Assets.xcassets */ = {isa = PBXFileReference; lastKnownFileType = folder.assetcatalog; path = Assets.xcassets; sourceTree = "<group>"; };
		3799B11F1DDA4E6100C332ED /* Base */ = {isa = PBXFileReference; lastKnownFileType = file.storyboard; name = Base; path = Base.lproj/LaunchScreen.storyboard; sourceTree = "<group>"; };
		3799B1211DDA4E6100C332ED /* Info.plist */ = {isa = PBXFileReference; lastKnownFileType = text.plist.xml; path = Info.plist; sourceTree = "<group>"; };
		3799B1271DDA5F7100C332ED /* SelectedToDoListViewController.swift */ = {isa = PBXFileReference; fileEncoding = 4; lastKnownFileType = sourcecode.swift; path = SelectedToDoListViewController.swift; sourceTree = "<group>"; };
		3799B12B1DDA600000C332ED /* AllToDoListsTableViewCell.swift */ = {isa = PBXFileReference; fileEncoding = 4; lastKnownFileType = sourcecode.swift; path = AllToDoListsTableViewCell.swift; sourceTree = "<group>"; };
		3799B12D1DDA601700C332ED /* SelectedToDoListTableViewCell.swift */ = {isa = PBXFileReference; fileEncoding = 4; lastKnownFileType = sourcecode.swift; path = SelectedToDoListTableViewCell.swift; sourceTree = "<group>"; };
		3799B12F1DDA609C00C332ED /* AllToDoListsViewController.swift */ = {isa = PBXFileReference; fileEncoding = 4; lastKnownFileType = sourcecode.swift; path = AllToDoListsViewController.swift; sourceTree = "<group>"; };
		3799B1311DDA61A800C332ED /* ArrayOfToDoLists.swift */ = {isa = PBXFileReference; fileEncoding = 4; lastKnownFileType = sourcecode.swift; path = ArrayOfToDoLists.swift; sourceTree = "<group>"; };
		3799B1341DDCD24A00C332ED /* DetailViewController.swift */ = {isa = PBXFileReference; fileEncoding = 4; lastKnownFileType = sourcecode.swift; path = DetailViewController.swift; sourceTree = "<group>"; };
		37D564851E27E4380053683F /* CoreData.framework */ = {isa = PBXFileReference; lastKnownFileType = wrapper.framework; name = CoreData.framework; path = System/Library/Frameworks/CoreData.framework; sourceTree = SDKROOT; };
		37D564881E27E4A90053683F /* CoreDataModel.xcdatamodel */ = {isa = PBXFileReference; lastKnownFileType = wrapper.xcdatamodel; path = CoreDataModel.xcdatamodel; sourceTree = "<group>"; };
		37D5648A1E27EFC00053683F /* CoreDataLogic.swift */ = {isa = PBXFileReference; fileEncoding = 4; lastKnownFileType = sourcecode.swift; path = CoreDataLogic.swift; sourceTree = "<group>"; };
/* End PBXFileReference section */

/* Begin PBXFrameworksBuildPhase section */
		3799B10F1DDA4E6100C332ED /* Frameworks */ = {
			isa = PBXFrameworksBuildPhase;
			buildActionMask = 2147483647;
			files = (
				37D564861E27E4380053683F /* CoreData.framework in Frameworks */,
			);
			runOnlyForDeploymentPostprocessing = 0;
		};
/* End PBXFrameworksBuildPhase section */

/* Begin PBXGroup section */
		377BA9131DDE1AB500CD2586 /* Images */ = {
			isa = PBXGroup;
			children = (
				377BA9161DDE1D7000CD2586 /* BlackButton.png */,
				377BA9171DDE1D7000CD2586 /* BlueButton.png */,
				377BA9181DDE1D7000CD2586 /* RubyButton.png */,
				377BA9141DDE1D6300CD2586 /* YellowButton.png */,
			);
			name = Images;
			sourceTree = "<group>";
		};
		3799B1091DDA4E6100C332ED = {
			isa = PBXGroup;
			children = (
				3799B1141DDA4E6100C332ED /* w4d1 - ToDoList - DanHefter */,
				3799B1131DDA4E6100C332ED /* Products */,
				37D564841E27E4370053683F /* Frameworks */,
			);
			sourceTree = "<group>";
		};
		3799B1131DDA4E6100C332ED /* Products */ = {
			isa = PBXGroup;
			children = (
				3799B1121DDA4E6100C332ED /* w4d1 - ToDoList - DanHefter.app */,
			);
			name = Products;
			sourceTree = "<group>";
		};
		3799B1141DDA4E6100C332ED /* w4d1 - ToDoList - DanHefter */ = {
			isa = PBXGroup;
			children = (
				377BA9131DDE1AB500CD2586 /* Images */,
				3799B12A1DDA5FCF00C332ED /* AllToDoLists */,
				3799B1291DDA5FBB00C332ED /* SelectedToDoList */,
				3799B1341DDCD24A00C332ED /* DetailViewController.swift */,
				3799B1151DDA4E6100C332ED /* AppDelegate.swift */,
				3799B1191DDA4E6100C332ED /* Main.storyboard */,
				3799B11C1DDA4E6100C332ED /* Assets.xcassets */,
				3799B11E1DDA4E6100C332ED /* LaunchScreen.storyboard */,
				3799B1211DDA4E6100C332ED /* Info.plist */,
				377BA9241DDE3CEA00CD2586 /* emptyCheckbox.png */,
				377BA9261DDE42FF00CD2586 /* checkedBox.png */,
				37878F691DDF635A000437F9 /* TestFileViewController.swift */,
				3799B1311DDA61A800C332ED /* ArrayOfToDoLists.swift */,
				37D564871E27E4A90053683F /* CoreDataModel.xcdatamodeld */,
				37D5648A1E27EFC00053683F /* CoreDataLogic.swift */,
			);
			path = "w4d1 - ToDoList - DanHefter";
			sourceTree = "<group>";
		};
		3799B1291DDA5FBB00C332ED /* SelectedToDoList */ = {
			isa = PBXGroup;
			children = (
				3799B1271DDA5F7100C332ED /* SelectedToDoListViewController.swift */,
				3799B12D1DDA601700C332ED /* SelectedToDoListTableViewCell.swift */,
			);
			name = SelectedToDoList;
			sourceTree = "<group>";
		};
		3799B12A1DDA5FCF00C332ED /* AllToDoLists */ = {
			isa = PBXGroup;
			children = (
				3799B12B1DDA600000C332ED /* AllToDoListsTableViewCell.swift */,
				3799B12F1DDA609C00C332ED /* AllToDoListsViewController.swift */,
			);
			name = AllToDoLists;
			sourceTree = "<group>";
		};
		37D564841E27E4370053683F /* Frameworks */ = {
			isa = PBXGroup;
			children = (
				37D564851E27E4380053683F /* CoreData.framework */,
			);
			name = Frameworks;
			sourceTree = "<group>";
		};
/* End PBXGroup section */

/* Begin PBXNativeTarget section */
		3799B1111DDA4E6100C332ED /* w4d1 - ToDoList - DanHefter */ = {
			isa = PBXNativeTarget;
			buildConfigurationList = 3799B1241DDA4E6100C332ED /* Build configuration list for PBXNativeTarget "w4d1 - ToDoList - DanHefter" */;
			buildPhases = (
				3799B10E1DDA4E6100C332ED /* Sources */,
				3799B10F1DDA4E6100C332ED /* Frameworks */,
				3799B1101DDA4E6100C332ED /* Resources */,
			);
			buildRules = (
			);
			dependencies = (
			);
			name = "w4d1 - ToDoList - DanHefter";
			productName = "w4d1 - ToDoList - DanHefter";
			productReference = 3799B1121DDA4E6100C332ED /* w4d1 - ToDoList - DanHefter.app */;
			productType = "com.apple.product-type.application";
		};
/* End PBXNativeTarget section */

/* Begin PBXProject section */
		3799B10A1DDA4E6100C332ED /* Project object */ = {
			isa = PBXProject;
			attributes = {
				LastSwiftUpdateCheck = 0800;
				LastUpgradeCheck = 0800;
				ORGANIZATIONNAME = GA;
				TargetAttributes = {
					3799B1111DDA4E6100C332ED = {
						CreatedOnToolsVersion = 8.0;
						DevelopmentTeam = DZ528PGQF5;
						ProvisioningStyle = Automatic;
					};
				};
			};
			buildConfigurationList = 3799B10D1DDA4E6100C332ED /* Build configuration list for PBXProject "w4d1 - ToDoList - DanHefter" */;
			compatibilityVersion = "Xcode 3.2";
			developmentRegion = English;
			hasScannedForEncodings = 0;
			knownRegions = (
				en,
				Base,
			);
			mainGroup = 3799B1091DDA4E6100C332ED;
			productRefGroup = 3799B1131DDA4E6100C332ED /* Products */;
			projectDirPath = "";
			projectRoot = "";
			targets = (
				3799B1111DDA4E6100C332ED /* w4d1 - ToDoList - DanHefter */,
			);
		};
/* End PBXProject section */

/* Begin PBXResourcesBuildPhase section */
		3799B1101DDA4E6100C332ED /* Resources */ = {
			isa = PBXResourcesBuildPhase;
			buildActionMask = 2147483647;
			files = (
				377BA9271DDE42FF00CD2586 /* checkedBox.png in Resources */,
				377BA91B1DDE1D7000CD2586 /* RubyButton.png in Resources */,
				377BA9191DDE1D7000CD2586 /* BlackButton.png in Resources */,
				377BA9251DDE3CEA00CD2586 /* emptyCheckbox.png in Resources */,
				377BA91A1DDE1D7000CD2586 /* BlueButton.png in Resources */,
				3799B1201DDA4E6100C332ED /* LaunchScreen.storyboard in Resources */,
				3799B11D1DDA4E6100C332ED /* Assets.xcassets in Resources */,
				3799B11B1DDA4E6100C332ED /* Main.storyboard in Resources */,
				377BA9151DDE1D6300CD2586 /* YellowButton.png in Resources */,
			);
			runOnlyForDeploymentPostprocessing = 0;
		};
/* End PBXResourcesBuildPhase section */

/* Begin PBXSourcesBuildPhase section */
		3799B10E1DDA4E6100C332ED /* Sources */ = {
			isa = PBXSourcesBuildPhase;
			buildActionMask = 2147483647;
			files = (
				3799B1321DDA61A800C332ED /* ArrayOfToDoLists.swift in Sources */,
				3799B1281DDA5F7100C332ED /* SelectedToDoListViewController.swift in Sources */,
				3799B1161DDA4E6100C332ED /* AppDelegate.swift in Sources */,
				3799B12E1DDA601700C332ED /* SelectedToDoListTableViewCell.swift in Sources */,
				3799B1301DDA609C00C332ED /* AllToDoListsViewController.swift in Sources */,
				37D564891E27E4A90053683F /* CoreDataModel.xcdatamodeld in Sources */,
				3799B12C1DDA600000C332ED /* AllToDoListsTableViewCell.swift in Sources */,
				37D5648B1E27EFC00053683F /* CoreDataLogic.swift in Sources */,
				37878F6A1DDF635A000437F9 /* TestFileViewController.swift in Sources */,
				3799B1351DDCD24A00C332ED /* DetailViewController.swift in Sources */,
			);
			runOnlyForDeploymentPostprocessing = 0;
		};
/* End PBXSourcesBuildPhase section */

/* Begin PBXVariantGroup section */
		3799B1191DDA4E6100C332ED /* Main.storyboard */ = {
			isa = PBXVariantGroup;
			children = (
				3799B11A1DDA4E6100C332ED /* Base */,
			);
			name = Main.storyboard;
			sourceTree = "<group>";
		};
		3799B11E1DDA4E6100C332ED /* LaunchScreen.storyboard */ = {
			isa = PBXVariantGroup;
			children = (
				3799B11F1DDA4E6100C332ED /* Base */,
			);
			name = LaunchScreen.storyboard;
			sourceTree = "<group>";
		};
/* End PBXVariantGroup section */

/* Begin XCBuildConfiguration section */
		3799B1221DDA4E6100C332ED /* Debug */ = {
			isa = XCBuildConfiguration;
			buildSettings = {
				ALWAYS_SEARCH_USER_PATHS = NO;
				CLANG_ANALYZER_NONNULL = YES;
				CLANG_CXX_LANGUAGE_STANDARD = "gnu++0x";
				CLANG_CXX_LIBRARY = "libc++";
				CLANG_ENABLE_MODULES = YES;
				CLANG_ENABLE_OBJC_ARC = YES;
				CLANG_WARN_BOOL_CONVERSION = YES;
				CLANG_WARN_CONSTANT_CONVERSION = YES;
				CLANG_WARN_DIRECT_OBJC_ISA_USAGE = YES_ERROR;
				CLANG_WARN_DOCUMENTATION_COMMENTS = YES;
				CLANG_WARN_EMPTY_BODY = YES;
				CLANG_WARN_ENUM_CONVERSION = YES;
				CLANG_WARN_INFINITE_RECURSION = YES;
				CLANG_WARN_INT_CONVERSION = YES;
				CLANG_WARN_OBJC_ROOT_CLASS = YES_ERROR;
				CLANG_WARN_SUSPICIOUS_MOVES = YES;
				CLANG_WARN_UNREACHABLE_CODE = YES;
				CLANG_WARN__DUPLICATE_METHOD_MATCH = YES;
				"CODE_SIGN_IDENTITY[sdk=iphoneos*]" = "iPhone Developer";
				COPY_PHASE_STRIP = NO;
				DEBUG_INFORMATION_FORMAT = dwarf;
				ENABLE_STRICT_OBJC_MSGSEND = YES;
				ENABLE_TESTABILITY = YES;
				GCC_C_LANGUAGE_STANDARD = gnu99;
				GCC_DYNAMIC_NO_PIC = NO;
				GCC_NO_COMMON_BLOCKS = YES;
				GCC_OPTIMIZATION_LEVEL = 0;
				GCC_PREPROCESSOR_DEFINITIONS = (
					"DEBUG=1",
					"$(inherited)",
				);
				GCC_WARN_64_TO_32_BIT_CONVERSION = YES;
				GCC_WARN_ABOUT_RETURN_TYPE = YES_ERROR;
				GCC_WARN_UNDECLARED_SELECTOR = YES;
				GCC_WARN_UNINITIALIZED_AUTOS = YES_AGGRESSIVE;
				GCC_WARN_UNUSED_FUNCTION = YES;
				GCC_WARN_UNUSED_VARIABLE = YES;
				IPHONEOS_DEPLOYMENT_TARGET = 10.0;
				MTL_ENABLE_DEBUG_INFO = YES;
				ONLY_ACTIVE_ARCH = YES;
				SDKROOT = iphoneos;
				SWIFT_ACTIVE_COMPILATION_CONDITIONS = DEBUG;
				SWIFT_OPTIMIZATION_LEVEL = "-Onone";
				TARGETED_DEVICE_FAMILY = "1,2";
			};
			name = Debug;
		};
		3799B1231DDA4E6100C332ED /* Release */ = {
			isa = XCBuildConfiguration;
			buildSettings = {
				ALWAYS_SEARCH_USER_PATHS = NO;
				CLANG_ANALYZER_NONNULL = YES;
				CLANG_CXX_LANGUAGE_STANDARD = "gnu++0x";
				CLANG_CXX_LIBRARY = "libc++";
				CLANG_ENABLE_MODULES = YES;
				CLANG_ENABLE_OBJC_ARC = YES;
				CLANG_WARN_BOOL_CONVERSION = YES;
				CLANG_WARN_CONSTANT_CONVERSION = YES;
				CLANG_WARN_DIRECT_OBJC_ISA_USAGE = YES_ERROR;
				CLANG_WARN_DOCUMENTATION_COMMENTS = YES;
				CLANG_WARN_EMPTY_BODY = YES;
				CLANG_WARN_ENUM_CONVERSION = YES;
				CLANG_WARN_INFINITE_RECURSION = YES;
				CLANG_WARN_INT_CONVERSION = YES;
				CLANG_WARN_OBJC_ROOT_CLASS = YES_ERROR;
				CLANG_WARN_SUSPICIOUS_MOVES = YES;
				CLANG_WARN_UNREACHABLE_CODE = YES;
				CLANG_WARN__DUPLICATE_METHOD_MATCH = YES;
				"CODE_SIGN_IDENTITY[sdk=iphoneos*]" = "iPhone Developer";
				COPY_PHASE_STRIP = NO;
				DEBUG_INFORMATION_FORMAT = "dwarf-with-dsym";
				ENABLE_NS_ASSERTIONS = NO;
				ENABLE_STRICT_OBJC_MSGSEND = YES;
				GCC_C_LANGUAGE_STANDARD = gnu99;
				GCC_NO_COMMON_BLOCKS = YES;
				GCC_WARN_64_TO_32_BIT_CONVERSION = YES;
				GCC_WARN_ABOUT_RETURN_TYPE = YES_ERROR;
				GCC_WARN_UNDECLARED_SELECTOR = YES;
				GCC_WARN_UNINITIALIZED_AUTOS = YES_AGGRESSIVE;
				GCC_WARN_UNUSED_FUNCTION = YES;
				GCC_WARN_UNUSED_VARIABLE = YES;
				IPHONEOS_DEPLOYMENT_TARGET = 10.0;
				MTL_ENABLE_DEBUG_INFO = NO;
				SDKROOT = iphoneos;
				SWIFT_OPTIMIZATION_LEVEL = "-Owholemodule";
				TARGETED_DEVICE_FAMILY = "1,2";
				VALIDATE_PRODUCT = YES;
			};
			name = Release;
		};
		3799B1251DDA4E6100C332ED /* Debug */ = {
			isa = XCBuildConfiguration;
			buildSettings = {
				ASSETCATALOG_COMPILER_APPICON_NAME = AppIcon;
				DEVELOPMENT_TEAM = DZ528PGQF5;
				INFOPLIST_FILE = "w4d1 - ToDoList - DanHefter/Info.plist";
				LD_RUNPATH_SEARCH_PATHS = "$(inherited) @executable_path/Frameworks";
				PRODUCT_BUNDLE_IDENTIFIER = "com.danhefter.w4d1---ToDoList---DanHefter";
				PRODUCT_NAME = "$(TARGET_NAME)";
				SWIFT_VERSION = 3.0;
			};
			name = Debug;
		};
		3799B1261DDA4E6100C332ED /* Release */ = {
			isa = XCBuildConfiguration;
			buildSettings = {
				ASSETCATALOG_COMPILER_APPICON_NAME = AppIcon;
				DEVELOPMENT_TEAM = DZ528PGQF5;
				INFOPLIST_FILE = "w4d1 - ToDoList - DanHefter/Info.plist";
				LD_RUNPATH_SEARCH_PATHS = "$(inherited) @executable_path/Frameworks";
				PRODUCT_BUNDLE_IDENTIFIER = "com.danhefter.w4d1---ToDoList---DanHefter";
				PRODUCT_NAME = "$(TARGET_NAME)";
				SWIFT_VERSION = 3.0;
			};
			name = Release;
		};
/* End XCBuildConfiguration section */

/* Begin XCConfigurationList section */
		3799B10D1DDA4E6100C332ED /* Build configuration list for PBXProject "w4d1 - ToDoList - DanHefter" */ = {
			isa = XCConfigurationList;
			buildConfigurations = (
				3799B1221DDA4E6100C332ED /* Debug */,
				3799B1231DDA4E6100C332ED /* Release */,
			);
			defaultConfigurationIsVisible = 0;
			defaultConfigurationName = Release;
		};
		3799B1241DDA4E6100C332ED /* Build configuration list for PBXNativeTarget "w4d1 - ToDoList - DanHefter" */ = {
			isa = XCConfigurationList;
			buildConfigurations = (
				3799B1251DDA4E6100C332ED /* Debug */,
				3799B1261DDA4E6100C332ED /* Release */,
			);
			defaultConfigurationIsVisible = 0;
			defaultConfigurationName = Release;
		};
/* End XCConfigurationList section */

/* Begin XCVersionGroup section */
		37D564871E27E4A90053683F /* CoreDataModel.xcdatamodeld */ = {
			isa = XCVersionGroup;
			children = (
				37D564881E27E4A90053683F /* CoreDataModel.xcdatamodel */,
			);
			currentVersion = 37D564881E27E4A90053683F /* CoreDataModel.xcdatamodel */;
			path = CoreDataModel.xcdatamodeld;
			sourceTree = "<group>";
			versionGroupType = wrapper.xcdatamodel;
		};
/* End XCVersionGroup section */
	};
	rootObject = 3799B10A1DDA4E6100C332ED /* Project object */;
}
